
Microsoft Visual Studio Solution File, Format Version 12.00
# Visual Studio Version 16
VisualStudioVersion = 16.0.30523.141
MinimumVisualStudioVersion = 10.0.40219.1
Project("{FAE04EC0-301F-11D3-BF4B-00C04F79EFBC}") = "DateTimeTest", "DateTimeTest\DateTimeTest.csproj", "{58D093C8-BC50-4422-B118-D54A0A616088}"
EndProject
Global
	GlobalSection(SolutionConfigurationPlatforms) = preSolution
		Debug|Any CPU = Debug|Any CPU
		Release|Any CPU = Release|Any CPU
	EndGlobalSection
	GlobalSection(ProjectConfigurationPlatforms) = postSolution
		{58D093C8-BC50-4422-B118-D54A0A616088}.Debug|Any CPU.ActiveCfg = Debug|Any CPU
		{58D093C8-BC50-4422-B118-D54A0A616088}.Debug|Any CPU.Build.0 = Debug|Any CPU
		{58D093C8-BC50-4422-B118-D54A0A616088}.Release|Any CPU.ActiveCfg = Release|Any CPU
		{58D093C8-BC50-4422-B118-D54A0A616088}.Release|Any CPU.Build.0 = Release|Any CPU
	EndGlobalSection
	GlobalSection(SolutionProperties) = preSolution
		HideSolutionNode = FALSE
	EndGlobalSection
	GlobalSection(ExtensibilityGlobals) = postSolution
		SolutionGuid = {698B6635-CBB0-4D29-B357-4AFB717A646C}
	EndGlobalSection
EndGlobal
